// !$*UTF8*$!
{
	archiveVersion = 1;
	classes = {
	};
	objectVersion = 46;
	objects = {

/* Begin PBXBuildFile section */
		09B8A4B01E3AB3330004FCC2 /* AppDelegate.swift in Sources */ = {isa = PBXBuildFile; fileRef = 09B8A4AF1E3AB3330004FCC2 /* AppDelegate.swift */; };
		09B8A4B21E3AB3330004FCC2 /* ViewController.swift in Sources */ = {isa = PBXBuildFile; fileRef = 09B8A4B11E3AB3330004FCC2 /* ViewController.swift */; };
		09B8A4B51E3AB3330004FCC2 /* Main.storyboard in Resources */ = {isa = PBXBuildFile; fileRef = 09B8A4B31E3AB3330004FCC2 /* Main.storyboard */; };
		09B8A4B71E3AB3330004FCC2 /* Assets.xcassets in Resources */ = {isa = PBXBuildFile; fileRef = 09B8A4B61E3AB3330004FCC2 /* Assets.xcassets */; };
		09B8A4BA1E3AB3330004FCC2 /* LaunchScreen.storyboard in Resources */ = {isa = PBXBuildFile; fileRef = 09B8A4B81E3AB3330004FCC2 /* LaunchScreen.storyboard */; };
		09B8A4C51E3AB3330004FCC2 /* stack_stackTests.swift in Sources */ = {isa = PBXBuildFile; fileRef = 09B8A4C41E3AB3330004FCC2 /* stack_stackTests.swift */; };
		09B8A4D01E3AB3330004FCC2 /* stack_stackUITests.swift in Sources */ = {isa = PBXBuildFile; fileRef = 09B8A4CF1E3AB3330004FCC2 /* stack_stackUITests.swift */; };
/* End PBXBuildFile section */

/* Begin PBXContainerItemProxy section */
		09B8A4C11E3AB3330004FCC2 /* PBXContainerItemProxy */ = {
			isa = PBXContainerItemProxy;
			containerPortal = 09B8A4A41E3AB3320004FCC2 /* Project object */;
			proxyType = 1;
			remoteGlobalIDString = 09B8A4AB1E3AB3320004FCC2;
			remoteInfo = "stack-stack";
		};
		09B8A4CC1E3AB3330004FCC2 /* PBXContainerItemProxy */ = {
			isa = PBXContainerItemProxy;
			containerPortal = 09B8A4A41E3AB3320004FCC2 /* Project object */;
			proxyType = 1;
			remoteGlobalIDString = 09B8A4AB1E3AB3320004FCC2;
			remoteInfo = "stack-stack";
		};
/* End PBXContainerItemProxy section */

/* Begin PBXFileReference section */
		09B8A4AC1E3AB3330004FCC2 /* stack-stack.app */ = {isa = PBXFileReference; explicitFileType = wrapper.application; includeInIndex = 0; path = "stack-stack.app"; sourceTree = BUILT_PRODUCTS_DIR; };
		09B8A4AF1E3AB3330004FCC2 /* AppDelegate.swift */ = {isa = PBXFileReference; lastKnownFileType = sourcecode.swift; path = AppDelegate.swift; sourceTree = "<group>"; };
		09B8A4B11E3AB3330004FCC2 /* ViewController.swift */ = {isa = PBXFileReference; lastKnownFileType = sourcecode.swift; path = ViewController.swift; sourceTree = "<group>"; };
		09B8A4B41E3AB3330004FCC2 /* Base */ = {isa = PBXFileReference; lastKnownFileType = file.storyboard; name = Base; path = Base.lproj/Main.storyboard; sourceTree = "<group>"; };
		09B8A4B61E3AB3330004FCC2 /* Assets.xcassets */ = {isa = PBXFileReference; lastKnownFileType = folder.assetcatalog; path = Assets.xcassets; sourceTree = "<group>"; };
		09B8A4B91E3AB3330004FCC2 /* Base */ = {isa = PBXFileReference; lastKnownFileType = file.storyboard; name = Base; path = Base.lproj/LaunchScreen.storyboard; sourceTree = "<group>"; };
		09B8A4BB1E3AB3330004FCC2 /* Info.plist */ = {isa = PBXFileReference; lastKnownFileType = text.plist.xml; path = Info.plist; sourceTree = "<group>"; };
		09B8A4C01E3AB3330004FCC2 /* stack-stackTests.xctest */ = {isa = PBXFileReference; explicitFileType = wrapper.cfbundle; includeInIndex = 0; path = "stack-stackTests.xctest"; sourceTree = BUILT_PRODUCTS_DIR; };
		09B8A4C41E3AB3330004FCC2 /* stack_stackTests.swift */ = {isa = PBXFileReference; lastKnownFileType = sourcecode.swift; path = stack_stackTests.swift; sourceTree = "<group>"; };
		09B8A4C61E3AB3330004FCC2 /* Info.plist */ = {isa = PBXFileReference; lastKnownFileType = text.plist.xml; path = Info.plist; sourceTree = "<group>"; };
		09B8A4CB1E3AB3330004FCC2 /* stack-stackUITests.xctest */ = {isa = PBXFileReference; explicitFileType = wrapper.cfbundle; includeInIndex = 0; path = "stack-stackUITests.xctest"; sourceTree = BUILT_PRODUCTS_DIR; };
		09B8A4CF1E3AB3330004FCC2 /* stack_stackUITests.swift */ = {isa = PBXFileReference; lastKnownFileType = sourcecode.swift; path = stack_stackUITests.swift; sourceTree = "<group>"; };
		09B8A4D11E3AB3330004FCC2 /* Info.plist */ = {isa = PBXFileReference; lastKnownFileType = text.plist.xml; path = Info.plist; sourceTree = "<group>"; };
/* End PBXFileReference section */

/* Begin PBXFrameworksBuildPhase section */
		09B8A4A91E3AB3320004FCC2 /* Frameworks */ = {
			isa = PBXFrameworksBuildPhase;
			buildActionMask = 2147483647;
			files = (
			);
			runOnlyForDeploymentPostprocessing = 0;
		};
		09B8A4BD1E3AB3330004FCC2 /* Frameworks */ = {
			isa = PBXFrameworksBuildPhase;
			buildActionMask = 2147483647;
			files = (
			);
			runOnlyForDeploymentPostprocessing = 0;
		};
		09B8A4C81E3AB3330004FCC2 /* Frameworks */ = {
			isa = PBXFrameworksBuildPhase;
			buildActionMask = 2147483647;
			files = (
			);
			runOnlyForDeploymentPostprocessing = 0;
		};
/* End PBXFrameworksBuildPhase section */

/* Begin PBXGroup section */
		09B8A4A31E3AB3320004FCC2 = {
			isa = PBXGroup;
			children = (
				09B8A4AE1E3AB3330004FCC2 /* stack-stack */,
				09B8A4C31E3AB3330004FCC2 /* stack-stackTests */,
				09B8A4CE1E3AB3330004FCC2 /* stack-stackUITests */,
				09B8A4AD1E3AB3330004FCC2 /* Products */,
			);
			sourceTree = "<group>";
		};
		09B8A4AD1E3AB3330004FCC2 /* Products */ = {
			isa = PBXGroup;
			children = (
				09B8A4AC1E3AB3330004FCC2 /* stack-stack.app */,
				09B8A4C01E3AB3330004FCC2 /* stack-stackTests.xctest */,
				09B8A4CB1E3AB3330004FCC2 /* stack-stackUITests.xctest */,
			);
			name = Products;
			sourceTree = "<group>";
		};
		09B8A4AE1E3AB3330004FCC2 /* stack-stack */ = {
			isa = PBXGroup;
			children = (
				09B8A4AF1E3AB3330004FCC2 /* AppDelegate.swift */,
				09B8A4B11E3AB3330004FCC2 /* ViewController.swift */,
				09B8A4B31E3AB3330004FCC2 /* Main.storyboard */,
				09B8A4B61E3AB3330004FCC2 /* Assets.xcassets */,
				09B8A4B81E3AB3330004FCC2 /* LaunchScreen.storyboard */,
				09B8A4BB1E3AB3330004FCC2 /* Info.plist */,
			);
			path = "stack-stack";
			sourceTree = "<group>";
		};
		09B8A4C31E3AB3330004FCC2 /* stack-stackTests */ = {
			isa = PBXGroup;
			children = (
				09B8A4C41E3AB3330004FCC2 /* stack_stackTests.swift */,
				09B8A4C61E3AB3330004FCC2 /* Info.plist */,
			);
			path = "stack-stackTests";
			sourceTree = "<group>";
		};
		09B8A4CE1E3AB3330004FCC2 /* stack-stackUITests */ = {
			isa = PBXGroup;
			children = (
				09B8A4CF1E3AB3330004FCC2 /* stack_stackUITests.swift */,
				09B8A4D11E3AB3330004FCC2 /* Info.plist */,
			);
			path = "stack-stackUITests";
			sourceTree = "<group>";
		};
/* End PBXGroup section */

/* Begin PBXNativeTarget section */
		09B8A4AB1E3AB3320004FCC2 /* stack-stack */ = {
			isa = PBXNativeTarget;
			buildConfigurationList = 09B8A4D41E3AB3330004FCC2 /* Build configuration list for PBXNativeTarget "stack-stack" */;
			buildPhases = (
				09B8A4A81E3AB3320004FCC2 /* Sources */,
				09B8A4A91E3AB3320004FCC2 /* Frameworks */,
				09B8A4AA1E3AB3320004FCC2 /* Resources */,
			);
			buildRules = (
			);
			dependencies = (
			);
			name = "stack-stack";
			productName = "stack-stack";
			productReference = 09B8A4AC1E3AB3330004FCC2 /* stack-stack.app */;
			productType = "com.apple.product-type.application";
		};
		09B8A4BF1E3AB3330004FCC2 /* stack-stackTests */ = {
			isa = PBXNativeTarget;
			buildConfigurationList = 09B8A4D71E3AB3330004FCC2 /* Build configuration list for PBXNativeTarget "stack-stackTests" */;
			buildPhases = (
				09B8A4BC1E3AB3330004FCC2 /* Sources */,
				09B8A4BD1E3AB3330004FCC2 /* Frameworks */,
				09B8A4BE1E3AB3330004FCC2 /* Resources */,
			);
			buildRules = (
			);
			dependencies = (
				09B8A4C21E3AB3330004FCC2 /* PBXTargetDependency */,
			);
			name = "stack-stackTests";
			productName = "stack-stackTests";
			productReference = 09B8A4C01E3AB3330004FCC2 /* stack-stackTests.xctest */;
			productType = "com.apple.product-type.bundle.unit-test";
		};
		09B8A4CA1E3AB3330004FCC2 /* stack-stackUITests */ = {
			isa = PBXNativeTarget;
			buildConfigurationList = 09B8A4DA1E3AB3330004FCC2 /* Build configuration list for PBXNativeTarget "stack-stackUITests" */;
			buildPhases = (
				09B8A4C71E3AB3330004FCC2 /* Sources */,
				09B8A4C81E3AB3330004FCC2 /* Frameworks */,
				09B8A4C91E3AB3330004FCC2 /* Resources */,
			);
			buildRules = (
			);
			dependencies = (
				09B8A4CD1E3AB3330004FCC2 /* PBXTargetDependency */,
			);
			name = "stack-stackUITests";
			productName = "stack-stackUITests";
			productReference = 09B8A4CB1E3AB3330004FCC2 /* stack-stackUITests.xctest */;
			productType = "com.apple.product-type.bundle.ui-testing";
		};
/* End PBXNativeTarget section */

/* Begin PBXProject section */
		09B8A4A41E3AB3320004FCC2 /* Project object */ = {
			isa = PBXProject;
			attributes = {
				LastSwiftUpdateCheck = 0820;
				LastUpgradeCheck = 0820;
				ORGANIZATIONNAME = "Islam Kamilov";
				TargetAttributes = {
					09B8A4AB1E3AB3320004FCC2 = {
						CreatedOnToolsVersion = 8.2;
						ProvisioningStyle = Automatic;
					};
					09B8A4BF1E3AB3330004FCC2 = {
						CreatedOnToolsVersion = 8.2;
						ProvisioningStyle = Automatic;
						TestTargetID = 09B8A4AB1E3AB3320004FCC2;
					};
					09B8A4CA1E3AB3330004FCC2 = {
						CreatedOnToolsVersion = 8.2;
						ProvisioningStyle = Automatic;
						TestTargetID = 09B8A4AB1E3AB3320004FCC2;
					};
				};
			};
			buildConfigurationList = 09B8A4A71E3AB3320004FCC2 /* Build configuration list for PBXProject "stack-stack" */;
			compatibilityVersion = "Xcode 3.2";
			developmentRegion = English;
			hasScannedForEncodings = 0;
			knownRegions = (
				en,
				Base,
			);
			mainGroup = 09B8A4A31E3AB3320004FCC2;
			productRefGroup = 09B8A4AD1E3AB3330004FCC2 /* Products */;
			projectDirPath = "";
			projectRoot = "";
			targets = (
				09B8A4AB1E3AB3320004FCC2 /* stack-stack */,
				09B8A4BF1E3AB3330004FCC2 /* stack-stackTests */,
				09B8A4CA1E3AB3330004FCC2 /* stack-stackUITests */,
			);
		};
/* End PBXProject section */

/* Begin PBXResourcesBuildPhase section */
		09B8A4AA1E3AB3320004FCC2 /* Resources */ = {
			isa = PBXResourcesBuildPhase;
			buildActionMask = 2147483647;
			files = (
				09B8A4BA1E3AB3330004FCC2 /* LaunchScreen.storyboard in Resources */,
				09B8A4B71E3AB3330004FCC2 /* Assets.xcassets in Resources */,
				09B8A4B51E3AB3330004FCC2 /* Main.storyboard in Resources */,
			);
			runOnlyForDeploymentPostprocessing = 0;
		};
		09B8A4BE1E3AB3330004FCC2 /* Resources */ = {
			isa = PBXResourcesBuildPhase;
			buildActionMask = 2147483647;
			files = (
			);
			runOnlyForDeploymentPostprocessing = 0;
		};
		09B8A4C91E3AB3330004FCC2 /* Resources */ = {
			isa = PBXResourcesBuildPhase;
			buildActionMask = 2147483647;
			files = (
			);
			runOnlyForDeploymentPostprocessing = 0;
		};
/* End PBXResourcesBuildPhase section */

/* Begin PBXSourcesBuildPhase section */
		09B8A4A81E3AB3320004FCC2 /* Sources */ = {
			isa = PBXSourcesBuildPhase;
			buildActionMask = 2147483647;
			files = (
				09B8A4B21E3AB3330004FCC2 /* ViewController.swift in Sources */,
				09B8A4B01E3AB3330004FCC2 /* AppDelegate.swift in Sources */,
			);
			runOnlyForDeploymentPostprocessing = 0;
		};
		09B8A4BC1E3AB3330004FCC2 /* Sources */ = {
			isa = PBXSourcesBuildPhase;
			buildActionMask = 2147483647;
			files = (
				09B8A4C51E3AB3330004FCC2 /* stack_stackTests.swift in Sources */,
			);
			runOnlyForDeploymentPostprocessing = 0;
		};
		09B8A4C71E3AB3330004FCC2 /* Sources */ = {
			isa = PBXSourcesBuildPhase;
			buildActionMask = 2147483647;
			files = (
				09B8A4D01E3AB3330004FCC2 /* stack_stackUITests.swift in Sources */,
			);
			runOnlyForDeploymentPostprocessing = 0;
		};
/* End PBXSourcesBuildPhase section */

/* Begin PBXTargetDependency section */
		09B8A4C21E3AB3330004FCC2 /* PBXTargetDependency */ = {
			isa = PBXTargetDependency;
			target = 09B8A4AB1E3AB3320004FCC2 /* stack-stack */;
			targetProxy = 09B8A4C11E3AB3330004FCC2 /* PBXContainerItemProxy */;
		};
		09B8A4CD1E3AB3330004FCC2 /* PBXTargetDependency */ = {
			isa = PBXTargetDependency;
			target = 09B8A4AB1E3AB3320004FCC2 /* stack-stack */;
			targetProxy = 09B8A4CC1E3AB3330004FCC2 /* PBXContainerItemProxy */;
		};
/* End PBXTargetDependency section */

/* Begin PBXVariantGroup section */
		09B8A4B31E3AB3330004FCC2 /* Main.storyboard */ = {
			isa = PBXVariantGroup;
			children = (
				09B8A4B41E3AB3330004FCC2 /* Base */,
			);
			name = Main.storyboard;
			sourceTree = "<group>";
		};
		09B8A4B81E3AB3330004FCC2 /* LaunchScreen.storyboard */ = {
			isa = PBXVariantGroup;
			children = (
				09B8A4B91E3AB3330004FCC2 /* Base */,
			);
			name = LaunchScreen.storyboard;
			sourceTree = "<group>";
		};
/* End PBXVariantGroup section */

/* Begin XCBuildConfiguration section */
		09B8A4D21E3AB3330004FCC2 /* Debug */ = {
			isa = XCBuildConfiguration;
			buildSettings = {
				ALWAYS_SEARCH_USER_PATHS = NO;
				CLANG_ANALYZER_NONNULL = YES;
				CLANG_CXX_LANGUAGE_STANDARD = "gnu++0x";
				CLANG_CXX_LIBRARY = "libc++";
				CLANG_ENABLE_MODULES = YES;
				CLANG_ENABLE_OBJC_ARC = YES;
				CLANG_WARN_BOOL_CONVERSION = YES;
				CLANG_WARN_CONSTANT_CONVERSION = YES;
				CLANG_WARN_DIRECT_OBJC_ISA_USAGE = YES_ERROR;
				CLANG_WARN_DOCUMENTATION_COMMENTS = YES;
				CLANG_WARN_EMPTY_BODY = YES;
				CLANG_WARN_ENUM_CONVERSION = YES;
				CLANG_WARN_INFINITE_RECURSION = YES;
				CLANG_WARN_INT_CONVERSION = YES;
				CLANG_WARN_OBJC_ROOT_CLASS = YES_ERROR;
				CLANG_WARN_SUSPICIOUS_MOVE = YES;
				CLANG_WARN_UNREACHABLE_CODE = YES;
				CLANG_WARN__DUPLICATE_METHOD_MATCH = YES;
				"CODE_SIGN_IDENTITY[sdk=iphoneos*]" = "iPhone Developer";
				COPY_PHASE_STRIP = NO;
				DEBUG_INFORMATION_FORMAT = dwarf;
				ENABLE_STRICT_OBJC_MSGSEND = YES;
				ENABLE_TESTABILITY = YES;
				GCC_C_LANGUAGE_STANDARD = gnu99;
				GCC_DYNAMIC_NO_PIC = NO;
				GCC_NO_COMMON_BLOCKS = YES;
				GCC_OPTIMIZATION_LEVEL = 0;
				GCC_PREPROCESSOR_DEFINITIONS = (
					"DEBUG=1",
					"$(inherited)",
				);
				GCC_WARN_64_TO_32_BIT_CONVERSION = YES;
				GCC_WARN_ABOUT_RETURN_TYPE = YES_ERROR;
				GCC_WARN_UNDECLARED_SELECTOR = YES;
				GCC_WARN_UNINITIALIZED_AUTOS = YES_AGGRESSIVE;
				GCC_WARN_UNUSED_FUNCTION = YES;
				GCC_WARN_UNUSED_VARIABLE = YES;
				IPHONEOS_DEPLOYMENT_TARGET = 10.2;
				MTL_ENABLE_DEBUG_INFO = YES;
				ONLY_ACTIVE_ARCH = YES;
				SDKROOT = iphoneos;
				SWIFT_ACTIVE_COMPILATION_CONDITIONS = DEBUG;
				SWIFT_OPTIMIZATION_LEVEL = "-Onone";
				TARGETED_DEVICE_FAMILY = "1,2";
			};
			name = Debug;
		};
		09B8A4D31E3AB3330004FCC2 /* Release */ = {
			isa = XCBuildConfiguration;
			buildSettings = {
				ALWAYS_SEARCH_USER_PATHS = NO;
				CLANG_ANALYZER_NONNULL = YES;
				CLANG_CXX_LANGUAGE_STANDARD = "gnu++0x";
				CLANG_CXX_LIBRARY = "libc++";
				CLANG_ENABLE_MODULES = YES;
				CLANG_ENABLE_OBJC_ARC = YES;
				CLANG_WARN_BOOL_CONVERSION = YES;
				CLANG_WARN_CONSTANT_CONVERSION = YES;
				CLANG_WARN_DIRECT_OBJC_ISA_USAGE = YES_ERROR;
				CLANG_WARN_DOCUMENTATION_COMMENTS = YES;
				CLANG_WARN_EMPTY_BODY = YES;
				CLANG_WARN_ENUM_CONVERSION = YES;
				CLANG_WARN_INFINITE_RECURSION = YES;
				CLANG_WARN_INT_CONVERSION = YES;
				CLANG_WARN_OBJC_ROOT_CLASS = YES_ERROR;
				CLANG_WARN_SUSPICIOUS_MOVE = YES;
				CLANG_WARN_UNREACHABLE_CODE = YES;
				CLANG_WARN__DUPLICATE_METHOD_MATCH = YES;
				"CODE_SIGN_IDENTITY[sdk=iphoneos*]" = "iPhone Developer";
				COPY_PHASE_STRIP = NO;
				DEBUG_INFORMATION_FORMAT = "dwarf-with-dsym";
				ENABLE_NS_ASSERTIONS = NO;
				ENABLE_STRICT_OBJC_MSGSEND = YES;
				GCC_C_LANGUAGE_STANDARD = gnu99;
				GCC_NO_COMMON_BLOCKS = YES;
				GCC_WARN_64_TO_32_BIT_CONVERSION = YES;
				GCC_WARN_ABOUT_RETURN_TYPE = YES_ERROR;
				GCC_WARN_UNDECLARED_SELECTOR = YES;
				GCC_WARN_UNINITIALIZED_AUTOS = YES_AGGRESSIVE;
				GCC_WARN_UNUSED_FUNCTION = YES;
				GCC_WARN_UNUSED_VARIABLE = YES;
				IPHONEOS_DEPLOYMENT_TARGET = 10.2;
				MTL_ENABLE_DEBUG_INFO = NO;
				SDKROOT = iphoneos;
				SWIFT_OPTIMIZATION_LEVEL = "-Owholemodule";
				TARGETED_DEVICE_FAMILY = "1,2";
				VALIDATE_PRODUCT = YES;
			};
			name = Release;
		};
		09B8A4D51E3AB3330004FCC2 /* Debug */ = {
			isa = XCBuildConfiguration;
			buildSettings = {
				ASSETCATALOG_COMPILER_APPICON_NAME = AppIcon;
				INFOPLIST_FILE = "stack-stack/Info.plist";
				LD_RUNPATH_SEARCH_PATHS = "$(inherited) @executable_path/Frameworks";
				PRODUCT_BUNDLE_IDENTIFIER = "kamilov.stack-stack";
				PRODUCT_NAME = "$(TARGET_NAME)";
				SWIFT_VERSION = 3.0;
			};
			name = Debug;
		};
		09B8A4D61E3AB3330004FCC2 /* Release */ = {
			isa = XCBuildConfiguration;
			buildSettings = {
				ASSETCATALOG_COMPILER_APPICON_NAME = AppIcon;
				INFOPLIST_FILE = "stack-stack/Info.plist";
				LD_RUNPATH_SEARCH_PATHS = "$(inherited) @executable_path/Frameworks";
				PRODUCT_BUNDLE_IDENTIFIER = "kamilov.stack-stack";
				PRODUCT_NAME = "$(TARGET_NAME)";
				SWIFT_VERSION = 3.0;
			};
			name = Release;
		};
		09B8A4D81E3AB3330004FCC2 /* Debug */ = {
			isa = XCBuildConfiguration;
			buildSettings = {
				ALWAYS_EMBED_SWIFT_STANDARD_LIBRARIES = YES;
				BUNDLE_LOADER = "$(TEST_HOST)";
				INFOPLIST_FILE = "stack-stackTests/Info.plist";
				LD_RUNPATH_SEARCH_PATHS = "$(inherited) @executable_path/Frameworks @loader_path/Frameworks";
				PRODUCT_BUNDLE_IDENTIFIER = "kamilov.stack-stackTests";
				PRODUCT_NAME = "$(TARGET_NAME)";
				SWIFT_VERSION = 3.0;
				TEST_HOST = "$(BUILT_PRODUCTS_DIR)/stack-stack.app/stack-stack";
			};
			name = Debug;
		};
		09B8A4D91E3AB3330004FCC2 /* Release */ = {
			isa = XCBuildConfiguration;
			buildSettings = {
				ALWAYS_EMBED_SWIFT_STANDARD_LIBRARIES = YES;
				BUNDLE_LOADER = "$(TEST_HOST)";
				INFOPLIST_FILE = "stack-stackTests/Info.plist";
				LD_RUNPATH_SEARCH_PATHS = "$(inherited) @executable_path/Frameworks @loader_path/Frameworks";
				PRODUCT_BUNDLE_IDENTIFIER = "kamilov.stack-stackTests";
				PRODUCT_NAME = "$(TARGET_NAME)";
				SWIFT_VERSION = 3.0;
				TEST_HOST = "$(BUILT_PRODUCTS_DIR)/stack-stack.app/stack-stack";
			};
			name = Release;
		};
		09B8A4DB1E3AB3330004FCC2 /* Debug */ = {
			isa = XCBuildConfiguration;
			buildSettings = {
				ALWAYS_EMBED_SWIFT_STANDARD_LIBRARIES = YES;
				INFOPLIST_FILE = "stack-stackUITests/Info.plist";
				LD_RUNPATH_SEARCH_PATHS = "$(inherited) @executable_path/Frameworks @loader_path/Frameworks";
				PRODUCT_BUNDLE_IDENTIFIER = "kamilov.stack-stackUITests";
				PRODUCT_NAME = "$(TARGET_NAME)";
				SWIFT_VERSION = 3.0;
				TEST_TARGET_NAME = "stack-stack";
			};
			name = Debug;
		};
		09B8A4DC1E3AB3330004FCC2 /* Release */ = {
			isa = XCBuildConfiguration;
			buildSettings = {
				ALWAYS_EMBED_SWIFT_STANDARD_LIBRARIES = YES;
				INFOPLIST_FILE = "stack-stackUITests/Info.plist";
				LD_RUNPATH_SEARCH_PATHS = "$(inherited) @executable_path/Frameworks @loader_path/Frameworks";
				PRODUCT_BUNDLE_IDENTIFIER = "kamilov.stack-stackUITests";
				PRODUCT_NAME = "$(TARGET_NAME)";
				SWIFT_VERSION = 3.0;
				TEST_TARGET_NAME = "stack-stack";
			};
			name = Release;
		};
/* End XCBuildConfiguration section */

/* Begin XCConfigurationList section */
		09B8A4A71E3AB3320004FCC2 /* Build configuration list for PBXProject "stack-stack" */ = {
			isa = XCConfigurationList;
			buildConfigurations = (
				09B8A4D21E3AB3330004FCC2 /* Debug */,
				09B8A4D31E3AB3330004FCC2 /* Release */,
			);
			defaultConfigurationIsVisible = 0;
			defaultConfigurationName = Release;
		};
		09B8A4D41E3AB3330004FCC2 /* Build configuration list for PBXNativeTarget "stack-stack" */ = {
			isa = XCConfigurationList;
			buildConfigurations = (
				09B8A4D51E3AB3330004FCC2 /* Debug */,
				09B8A4D61E3AB3330004FCC2 /* Release */,
			);
			defaultConfigurationIsVisible = 0;
		};
		09B8A4D71E3AB3330004FCC2 /* Build configuration list for PBXNativeTarget "stack-stackTests" */ = {
			isa = XCConfigurationList;
			buildConfigurations = (
				09B8A4D81E3AB3330004FCC2 /* Debug */,
				09B8A4D91E3AB3330004FCC2 /* Release */,
			);
			defaultConfigurationIsVisible = 0;
		};
		09B8A4DA1E3AB3330004FCC2 /* Build configuration list for PBXNativeTarget "stack-stackUITests" */ = {
			isa = XCConfigurationList;
			buildConfigurations = (
				09B8A4DB1E3AB3330004FCC2 /* Debug */,
				09B8A4DC1E3AB3330004FCC2 /* Release */,
			);
			defaultConfigurationIsVisible = 0;
		};
/* End XCConfigurationList section */
	};
	rootObject = 09B8A4A41E3AB3320004FCC2 /* Project object */;
}
