// !$*UTF8*$!
{
	archiveVersion = 1;
	classes = {
	};
	objectVersion = 46;
	objects = {

/* Begin PBXBuildFile section */
		090EF79D1E5224DC00B1B055 /* PlaySongVC.swift in Sources */ = {isa = PBXBuildFile; fileRef = 090EF79C1E5224DC00B1B055 /* PlaySongVC.swift */; };
		095DBAD91E48E0640030908D /* AppDelegate.swift in Sources */ = {isa = PBXBuildFile; fileRef = 095DBAD81E48E0640030908D /* AppDelegate.swift */; };
		095DBADB1E48E0640030908D /* LoginVC.swift in Sources */ = {isa = PBXBuildFile; fileRef = 095DBADA1E48E0640030908D /* LoginVC.swift */; };
		095DBADE1E48E0640030908D /* Main.storyboard in Resources */ = {isa = PBXBuildFile; fileRef = 095DBADC1E48E0640030908D /* Main.storyboard */; };
		095DBAE01E48E0640030908D /* Assets.xcassets in Resources */ = {isa = PBXBuildFile; fileRef = 095DBADF1E48E0640030908D /* Assets.xcassets */; };
		095DBAE31E48E0640030908D /* LaunchScreen.storyboard in Resources */ = {isa = PBXBuildFile; fileRef = 095DBAE11E48E0640030908D /* LaunchScreen.storyboard */; };
		095DBAEE1E48E0650030908D /* SwappingSwapTests.swift in Sources */ = {isa = PBXBuildFile; fileRef = 095DBAED1E48E0650030908D /* SwappingSwapTests.swift */; };
		095DBAF91E48E0650030908D /* SwappingSwapUITests.swift in Sources */ = {isa = PBXBuildFile; fileRef = 095DBAF81E48E0650030908D /* SwappingSwapUITests.swift */; };
		095DBB071E48E2800030908D /* MusicListVCViewController.swift in Sources */ = {isa = PBXBuildFile; fileRef = 095DBB061E48E2800030908D /* MusicListVCViewController.swift */; };
/* End PBXBuildFile section */

/* Begin PBXContainerItemProxy section */
		095DBAEA1E48E0650030908D /* PBXContainerItemProxy */ = {
			isa = PBXContainerItemProxy;
			containerPortal = 095DBACD1E48E0640030908D /* Project object */;
			proxyType = 1;
			remoteGlobalIDString = 095DBAD41E48E0640030908D;
			remoteInfo = SwappingSwap;
		};
		095DBAF51E48E0650030908D /* PBXContainerItemProxy */ = {
			isa = PBXContainerItemProxy;
			containerPortal = 095DBACD1E48E0640030908D /* Project object */;
			proxyType = 1;
			remoteGlobalIDString = 095DBAD41E48E0640030908D;
			remoteInfo = SwappingSwap;
		};
/* End PBXContainerItemProxy section */

/* Begin PBXFileReference section */
		090EF79C1E5224DC00B1B055 /* PlaySongVC.swift */ = {isa = PBXFileReference; fileEncoding = 4; lastKnownFileType = sourcecode.swift; path = PlaySongVC.swift; sourceTree = "<group>"; };
		095DBAD51E48E0640030908D /* SwappingSwap.app */ = {isa = PBXFileReference; explicitFileType = wrapper.application; includeInIndex = 0; path = SwappingSwap.app; sourceTree = BUILT_PRODUCTS_DIR; };
		095DBAD81E48E0640030908D /* AppDelegate.swift */ = {isa = PBXFileReference; lastKnownFileType = sourcecode.swift; path = AppDelegate.swift; sourceTree = "<group>"; };
		095DBADA1E48E0640030908D /* LoginVC.swift */ = {isa = PBXFileReference; lastKnownFileType = sourcecode.swift; path = LoginVC.swift; sourceTree = "<group>"; };
		095DBADD1E48E0640030908D /* Base */ = {isa = PBXFileReference; lastKnownFileType = file.storyboard; name = Base; path = Base.lproj/Main.storyboard; sourceTree = "<group>"; };
		095DBADF1E48E0640030908D /* Assets.xcassets */ = {isa = PBXFileReference; lastKnownFileType = folder.assetcatalog; path = Assets.xcassets; sourceTree = "<group>"; };
		095DBAE21E48E0640030908D /* Base */ = {isa = PBXFileReference; lastKnownFileType = file.storyboard; name = Base; path = Base.lproj/LaunchScreen.storyboard; sourceTree = "<group>"; };
		095DBAE41E48E0640030908D /* Info.plist */ = {isa = PBXFileReference; lastKnownFileType = text.plist.xml; path = Info.plist; sourceTree = "<group>"; };
		095DBAE91E48E0650030908D /* SwappingSwapTests.xctest */ = {isa = PBXFileReference; explicitFileType = wrapper.cfbundle; includeInIndex = 0; path = SwappingSwapTests.xctest; sourceTree = BUILT_PRODUCTS_DIR; };
		095DBAED1E48E0650030908D /* SwappingSwapTests.swift */ = {isa = PBXFileReference; lastKnownFileType = sourcecode.swift; path = SwappingSwapTests.swift; sourceTree = "<group>"; };
		095DBAEF1E48E0650030908D /* Info.plist */ = {isa = PBXFileReference; lastKnownFileType = text.plist.xml; path = Info.plist; sourceTree = "<group>"; };
		095DBAF41E48E0650030908D /* SwappingSwapUITests.xctest */ = {isa = PBXFileReference; explicitFileType = wrapper.cfbundle; includeInIndex = 0; path = SwappingSwapUITests.xctest; sourceTree = BUILT_PRODUCTS_DIR; };
		095DBAF81E48E0650030908D /* SwappingSwapUITests.swift */ = {isa = PBXFileReference; lastKnownFileType = sourcecode.swift; path = SwappingSwapUITests.swift; sourceTree = "<group>"; };
		095DBAFA1E48E0650030908D /* Info.plist */ = {isa = PBXFileReference; lastKnownFileType = text.plist.xml; path = Info.plist; sourceTree = "<group>"; };
		095DBB061E48E2800030908D /* MusicListVCViewController.swift */ = {isa = PBXFileReference; fileEncoding = 4; lastKnownFileType = sourcecode.swift; path = MusicListVCViewController.swift; sourceTree = "<group>"; };
/* End PBXFileReference section */

/* Begin PBXFrameworksBuildPhase section */
		095DBAD21E48E0640030908D /* Frameworks */ = {
			isa = PBXFrameworksBuildPhase;
			buildActionMask = 2147483647;
			files = (
			);
			runOnlyForDeploymentPostprocessing = 0;
		};
		095DBAE61E48E0650030908D /* Frameworks */ = {
			isa = PBXFrameworksBuildPhase;
			buildActionMask = 2147483647;
			files = (
			);
			runOnlyForDeploymentPostprocessing = 0;
		};
		095DBAF11E48E0650030908D /* Frameworks */ = {
			isa = PBXFrameworksBuildPhase;
			buildActionMask = 2147483647;
			files = (
			);
			runOnlyForDeploymentPostprocessing = 0;
		};
/* End PBXFrameworksBuildPhase section */

/* Begin PBXGroup section */
		095DBACC1E48E0640030908D = {
			isa = PBXGroup;
			children = (
				095DBAD71E48E0640030908D /* SwappingSwap */,
				095DBAEC1E48E0650030908D /* SwappingSwapTests */,
				095DBAF71E48E0650030908D /* SwappingSwapUITests */,
				095DBAD61E48E0640030908D /* Products */,
			);
			sourceTree = "<group>";
		};
		095DBAD61E48E0640030908D /* Products */ = {
			isa = PBXGroup;
			children = (
				095DBAD51E48E0640030908D /* SwappingSwap.app */,
				095DBAE91E48E0650030908D /* SwappingSwapTests.xctest */,
				095DBAF41E48E0650030908D /* SwappingSwapUITests.xctest */,
			);
			name = Products;
			sourceTree = "<group>";
		};
		095DBAD71E48E0640030908D /* SwappingSwap */ = {
			isa = PBXGroup;
			children = (
				095DBAD81E48E0640030908D /* AppDelegate.swift */,
				095DBADA1E48E0640030908D /* LoginVC.swift */,
				095DBADC1E48E0640030908D /* Main.storyboard */,
				095DBADF1E48E0640030908D /* Assets.xcassets */,
				095DBAE11E48E0640030908D /* LaunchScreen.storyboard */,
				095DBAE41E48E0640030908D /* Info.plist */,
				095DBB061E48E2800030908D /* MusicListVCViewController.swift */,
				090EF79C1E5224DC00B1B055 /* PlaySongVC.swift */,
			);
			path = SwappingSwap;
			sourceTree = "<group>";
		};
		095DBAEC1E48E0650030908D /* SwappingSwapTests */ = {
			isa = PBXGroup;
			children = (
				095DBAED1E48E0650030908D /* SwappingSwapTests.swift */,
				095DBAEF1E48E0650030908D /* Info.plist */,
			);
			path = SwappingSwapTests;
			sourceTree = "<group>";
		};
		095DBAF71E48E0650030908D /* SwappingSwapUITests */ = {
			isa = PBXGroup;
			children = (
				095DBAF81E48E0650030908D /* SwappingSwapUITests.swift */,
				095DBAFA1E48E0650030908D /* Info.plist */,
			);
			path = SwappingSwapUITests;
			sourceTree = "<group>";
		};
/* End PBXGroup section */

/* Begin PBXNativeTarget section */
		095DBAD41E48E0640030908D /* SwappingSwap */ = {
			isa = PBXNativeTarget;
			buildConfigurationList = 095DBAFD1E48E0650030908D /* Build configuration list for PBXNativeTarget "SwappingSwap" */;
			buildPhases = (
				095DBAD11E48E0640030908D /* Sources */,
				095DBAD21E48E0640030908D /* Frameworks */,
				095DBAD31E48E0640030908D /* Resources */,
			);
			buildRules = (
			);
			dependencies = (
			);
			name = SwappingSwap;
			productName = SwappingSwap;
			productReference = 095DBAD51E48E0640030908D /* SwappingSwap.app */;
			productType = "com.apple.product-type.application";
		};
		095DBAE81E48E0650030908D /* SwappingSwapTests */ = {
			isa = PBXNativeTarget;
			buildConfigurationList = 095DBB001E48E0650030908D /* Build configuration list for PBXNativeTarget "SwappingSwapTests" */;
			buildPhases = (
				095DBAE51E48E0650030908D /* Sources */,
				095DBAE61E48E0650030908D /* Frameworks */,
				095DBAE71E48E0650030908D /* Resources */,
			);
			buildRules = (
			);
			dependencies = (
				095DBAEB1E48E0650030908D /* PBXTargetDependency */,
			);
			name = SwappingSwapTests;
			productName = SwappingSwapTests;
			productReference = 095DBAE91E48E0650030908D /* SwappingSwapTests.xctest */;
			productType = "com.apple.product-type.bundle.unit-test";
		};
		095DBAF31E48E0650030908D /* SwappingSwapUITests */ = {
			isa = PBXNativeTarget;
			buildConfigurationList = 095DBB031E48E0650030908D /* Build configuration list for PBXNativeTarget "SwappingSwapUITests" */;
			buildPhases = (
				095DBAF01E48E0650030908D /* Sources */,
				095DBAF11E48E0650030908D /* Frameworks */,
				095DBAF21E48E0650030908D /* Resources */,
			);
			buildRules = (
			);
			dependencies = (
				095DBAF61E48E0650030908D /* PBXTargetDependency */,
			);
			name = SwappingSwapUITests;
			productName = SwappingSwapUITests;
			productReference = 095DBAF41E48E0650030908D /* SwappingSwapUITests.xctest */;
			productType = "com.apple.product-type.bundle.ui-testing";
		};
/* End PBXNativeTarget section */

/* Begin PBXProject section */
		095DBACD1E48E0640030908D /* Project object */ = {
			isa = PBXProject;
			attributes = {
				LastSwiftUpdateCheck = 0820;
				LastUpgradeCheck = 0820;
				ORGANIZATIONNAME = "Islam Kamilov";
				TargetAttributes = {
					095DBAD41E48E0640030908D = {
						CreatedOnToolsVersion = 8.2;
						ProvisioningStyle = Automatic;
					};
					095DBAE81E48E0650030908D = {
						CreatedOnToolsVersion = 8.2;
						ProvisioningStyle = Automatic;
						TestTargetID = 095DBAD41E48E0640030908D;
					};
					095DBAF31E48E0650030908D = {
						CreatedOnToolsVersion = 8.2;
						ProvisioningStyle = Automatic;
						TestTargetID = 095DBAD41E48E0640030908D;
					};
				};
			};
			buildConfigurationList = 095DBAD01E48E0640030908D /* Build configuration list for PBXProject "SwappingSwap" */;
			compatibilityVersion = "Xcode 3.2";
			developmentRegion = English;
			hasScannedForEncodings = 0;
			knownRegions = (
				en,
				Base,
			);
			mainGroup = 095DBACC1E48E0640030908D;
			productRefGroup = 095DBAD61E48E0640030908D /* Products */;
			projectDirPath = "";
			projectRoot = "";
			targets = (
				095DBAD41E48E0640030908D /* SwappingSwap */,
				095DBAE81E48E0650030908D /* SwappingSwapTests */,
				095DBAF31E48E0650030908D /* SwappingSwapUITests */,
			);
		};
/* End PBXProject section */

/* Begin PBXResourcesBuildPhase section */
		095DBAD31E48E0640030908D /* Resources */ = {
			isa = PBXResourcesBuildPhase;
			buildActionMask = 2147483647;
			files = (
				095DBAE31E48E0640030908D /* LaunchScreen.storyboard in Resources */,
				095DBAE01E48E0640030908D /* Assets.xcassets in Resources */,
				095DBADE1E48E0640030908D /* Main.storyboard in Resources */,
			);
			runOnlyForDeploymentPostprocessing = 0;
		};
		095DBAE71E48E0650030908D /* Resources */ = {
			isa = PBXResourcesBuildPhase;
			buildActionMask = 2147483647;
			files = (
			);
			runOnlyForDeploymentPostprocessing = 0;
		};
		095DBAF21E48E0650030908D /* Resources */ = {
			isa = PBXResourcesBuildPhase;
			buildActionMask = 2147483647;
			files = (
			);
			runOnlyForDeploymentPostprocessing = 0;
		};
/* End PBXResourcesBuildPhase section */

/* Begin PBXSourcesBuildPhase section */
		095DBAD11E48E0640030908D /* Sources */ = {
			isa = PBXSourcesBuildPhase;
			buildActionMask = 2147483647;
			files = (
				095DBADB1E48E0640030908D /* LoginVC.swift in Sources */,
				090EF79D1E5224DC00B1B055 /* PlaySongVC.swift in Sources */,
				095DBB071E48E2800030908D /* MusicListVCViewController.swift in Sources */,
				095DBAD91E48E0640030908D /* AppDelegate.swift in Sources */,
			);
			runOnlyForDeploymentPostprocessing = 0;
		};
		095DBAE51E48E0650030908D /* Sources */ = {
			isa = PBXSourcesBuildPhase;
			buildActionMask = 2147483647;
			files = (
				095DBAEE1E48E0650030908D /* SwappingSwapTests.swift in Sources */,
			);
			runOnlyForDeploymentPostprocessing = 0;
		};
		095DBAF01E48E0650030908D /* Sources */ = {
			isa = PBXSourcesBuildPhase;
			buildActionMask = 2147483647;
			files = (
				095DBAF91E48E0650030908D /* SwappingSwapUITests.swift in Sources */,
			);
			runOnlyForDeploymentPostprocessing = 0;
		};
/* End PBXSourcesBuildPhase section */

/* Begin PBXTargetDependency section */
		095DBAEB1E48E0650030908D /* PBXTargetDependency */ = {
			isa = PBXTargetDependency;
			target = 095DBAD41E48E0640030908D /* SwappingSwap */;
			targetProxy = 095DBAEA1E48E0650030908D /* PBXContainerItemProxy */;
		};
		095DBAF61E48E0650030908D /* PBXTargetDependency */ = {
			isa = PBXTargetDependency;
			target = 095DBAD41E48E0640030908D /* SwappingSwap */;
			targetProxy = 095DBAF51E48E0650030908D /* PBXContainerItemProxy */;
		};
/* End PBXTargetDependency section */

/* Begin PBXVariantGroup section */
		095DBADC1E48E0640030908D /* Main.storyboard */ = {
			isa = PBXVariantGroup;
			children = (
				095DBADD1E48E0640030908D /* Base */,
			);
			name = Main.storyboard;
			sourceTree = "<group>";
		};
		095DBAE11E48E0640030908D /* LaunchScreen.storyboard */ = {
			isa = PBXVariantGroup;
			children = (
				095DBAE21E48E0640030908D /* Base */,
			);
			name = LaunchScreen.storyboard;
			sourceTree = "<group>";
		};
/* End PBXVariantGroup section */

/* Begin XCBuildConfiguration section */
		095DBAFB1E48E0650030908D /* Debug */ = {
			isa = XCBuildConfiguration;
			buildSettings = {
				ALWAYS_SEARCH_USER_PATHS = NO;
				CLANG_ANALYZER_NONNULL = YES;
				CLANG_CXX_LANGUAGE_STANDARD = "gnu++0x";
				CLANG_CXX_LIBRARY = "libc++";
				CLANG_ENABLE_MODULES = YES;
				CLANG_ENABLE_OBJC_ARC = YES;
				CLANG_WARN_BOOL_CONVERSION = YES;
				CLANG_WARN_CONSTANT_CONVERSION = YES;
				CLANG_WARN_DIRECT_OBJC_ISA_USAGE = YES_ERROR;
				CLANG_WARN_DOCUMENTATION_COMMENTS = YES;
				CLANG_WARN_EMPTY_BODY = YES;
				CLANG_WARN_ENUM_CONVERSION = YES;
				CLANG_WARN_INFINITE_RECURSION = YES;
				CLANG_WARN_INT_CONVERSION = YES;
				CLANG_WARN_OBJC_ROOT_CLASS = YES_ERROR;
				CLANG_WARN_SUSPICIOUS_MOVE = YES;
				CLANG_WARN_UNREACHABLE_CODE = YES;
				CLANG_WARN__DUPLICATE_METHOD_MATCH = YES;
				"CODE_SIGN_IDENTITY[sdk=iphoneos*]" = "iPhone Developer";
				COPY_PHASE_STRIP = NO;
				DEBUG_INFORMATION_FORMAT = dwarf;
				ENABLE_STRICT_OBJC_MSGSEND = YES;
				ENABLE_TESTABILITY = YES;
				GCC_C_LANGUAGE_STANDARD = gnu99;
				GCC_DYNAMIC_NO_PIC = NO;
				GCC_NO_COMMON_BLOCKS = YES;
				GCC_OPTIMIZATION_LEVEL = 0;
				GCC_PREPROCESSOR_DEFINITIONS = (
					"DEBUG=1",
					"$(inherited)",
				);
				GCC_WARN_64_TO_32_BIT_CONVERSION = YES;
				GCC_WARN_ABOUT_RETURN_TYPE = YES_ERROR;
				GCC_WARN_UNDECLARED_SELECTOR = YES;
				GCC_WARN_UNINITIALIZED_AUTOS = YES_AGGRESSIVE;
				GCC_WARN_UNUSED_FUNCTION = YES;
				GCC_WARN_UNUSED_VARIABLE = YES;
				IPHONEOS_DEPLOYMENT_TARGET = 10.2;
				MTL_ENABLE_DEBUG_INFO = YES;
				ONLY_ACTIVE_ARCH = YES;
				SDKROOT = iphoneos;
				SWIFT_ACTIVE_COMPILATION_CONDITIONS = DEBUG;
				SWIFT_OPTIMIZATION_LEVEL = "-Onone";
				TARGETED_DEVICE_FAMILY = "1,2";
			};
			name = Debug;
		};
		095DBAFC1E48E0650030908D /* Release */ = {
			isa = XCBuildConfiguration;
			buildSettings = {
				ALWAYS_SEARCH_USER_PATHS = NO;
				CLANG_ANALYZER_NONNULL = YES;
				CLANG_CXX_LANGUAGE_STANDARD = "gnu++0x";
				CLANG_CXX_LIBRARY = "libc++";
				CLANG_ENABLE_MODULES = YES;
				CLANG_ENABLE_OBJC_ARC = YES;
				CLANG_WARN_BOOL_CONVERSION = YES;
				CLANG_WARN_CONSTANT_CONVERSION = YES;
				CLANG_WARN_DIRECT_OBJC_ISA_USAGE = YES_ERROR;
				CLANG_WARN_DOCUMENTATION_COMMENTS = YES;
				CLANG_WARN_EMPTY_BODY = YES;
				CLANG_WARN_ENUM_CONVERSION = YES;
				CLANG_WARN_INFINITE_RECURSION = YES;
				CLANG_WARN_INT_CONVERSION = YES;
				CLANG_WARN_OBJC_ROOT_CLASS = YES_ERROR;
				CLANG_WARN_SUSPICIOUS_MOVE = YES;
				CLANG_WARN_UNREACHABLE_CODE = YES;
				CLANG_WARN__DUPLICATE_METHOD_MATCH = YES;
				"CODE_SIGN_IDENTITY[sdk=iphoneos*]" = "iPhone Developer";
				COPY_PHASE_STRIP = NO;
				DEBUG_INFORMATION_FORMAT = "dwarf-with-dsym";
				ENABLE_NS_ASSERTIONS = NO;
				ENABLE_STRICT_OBJC_MSGSEND = YES;
				GCC_C_LANGUAGE_STANDARD = gnu99;
				GCC_NO_COMMON_BLOCKS = YES;
				GCC_WARN_64_TO_32_BIT_CONVERSION = YES;
				GCC_WARN_ABOUT_RETURN_TYPE = YES_ERROR;
				GCC_WARN_UNDECLARED_SELECTOR = YES;
				GCC_WARN_UNINITIALIZED_AUTOS = YES_AGGRESSIVE;
				GCC_WARN_UNUSED_FUNCTION = YES;
				GCC_WARN_UNUSED_VARIABLE = YES;
				IPHONEOS_DEPLOYMENT_TARGET = 10.2;
				MTL_ENABLE_DEBUG_INFO = NO;
				SDKROOT = iphoneos;
				SWIFT_OPTIMIZATION_LEVEL = "-Owholemodule";
				TARGETED_DEVICE_FAMILY = "1,2";
				VALIDATE_PRODUCT = YES;
			};
			name = Release;
		};
		095DBAFE1E48E0650030908D /* Debug */ = {
			isa = XCBuildConfiguration;
			buildSettings = {
				ASSETCATALOG_COMPILER_APPICON_NAME = AppIcon;
				INFOPLIST_FILE = SwappingSwap/Info.plist;
				LD_RUNPATH_SEARCH_PATHS = "$(inherited) @executable_path/Frameworks";
				PRODUCT_BUNDLE_IDENTIFIER = kamilov.SwappingSwap;
				PRODUCT_NAME = "$(TARGET_NAME)";
				SWIFT_VERSION = 3.0;
			};
			name = Debug;
		};
		095DBAFF1E48E0650030908D /* Release */ = {
			isa = XCBuildConfiguration;
			buildSettings = {
				ASSETCATALOG_COMPILER_APPICON_NAME = AppIcon;
				INFOPLIST_FILE = SwappingSwap/Info.plist;
				LD_RUNPATH_SEARCH_PATHS = "$(inherited) @executable_path/Frameworks";
				PRODUCT_BUNDLE_IDENTIFIER = kamilov.SwappingSwap;
				PRODUCT_NAME = "$(TARGET_NAME)";
				SWIFT_VERSION = 3.0;
			};
			name = Release;
		};
		095DBB011E48E0650030908D /* Debug */ = {
			isa = XCBuildConfiguration;
			buildSettings = {
				ALWAYS_EMBED_SWIFT_STANDARD_LIBRARIES = YES;
				BUNDLE_LOADER = "$(TEST_HOST)";
				INFOPLIST_FILE = SwappingSwapTests/Info.plist;
				LD_RUNPATH_SEARCH_PATHS = "$(inherited) @executable_path/Frameworks @loader_path/Frameworks";
				PRODUCT_BUNDLE_IDENTIFIER = kamilov.SwappingSwapTests;
				PRODUCT_NAME = "$(TARGET_NAME)";
				SWIFT_VERSION = 3.0;
				TEST_HOST = "$(BUILT_PRODUCTS_DIR)/SwappingSwap.app/SwappingSwap";
			};
			name = Debug;
		};
		095DBB021E48E0650030908D /* Release */ = {
			isa = XCBuildConfiguration;
			buildSettings = {
				ALWAYS_EMBED_SWIFT_STANDARD_LIBRARIES = YES;
				BUNDLE_LOADER = "$(TEST_HOST)";
				INFOPLIST_FILE = SwappingSwapTests/Info.plist;
				LD_RUNPATH_SEARCH_PATHS = "$(inherited) @executable_path/Frameworks @loader_path/Frameworks";
				PRODUCT_BUNDLE_IDENTIFIER = kamilov.SwappingSwapTests;
				PRODUCT_NAME = "$(TARGET_NAME)";
				SWIFT_VERSION = 3.0;
				TEST_HOST = "$(BUILT_PRODUCTS_DIR)/SwappingSwap.app/SwappingSwap";
			};
			name = Release;
		};
		095DBB041E48E0650030908D /* Debug */ = {
			isa = XCBuildConfiguration;
			buildSettings = {
				ALWAYS_EMBED_SWIFT_STANDARD_LIBRARIES = YES;
				INFOPLIST_FILE = SwappingSwapUITests/Info.plist;
				LD_RUNPATH_SEARCH_PATHS = "$(inherited) @executable_path/Frameworks @loader_path/Frameworks";
				PRODUCT_BUNDLE_IDENTIFIER = kamilov.SwappingSwapUITests;
				PRODUCT_NAME = "$(TARGET_NAME)";
				SWIFT_VERSION = 3.0;
				TEST_TARGET_NAME = SwappingSwap;
			};
			name = Debug;
		};
		095DBB051E48E0650030908D /* Release */ = {
			isa = XCBuildConfiguration;
			buildSettings = {
				ALWAYS_EMBED_SWIFT_STANDARD_LIBRARIES = YES;
				INFOPLIST_FILE = SwappingSwapUITests/Info.plist;
				LD_RUNPATH_SEARCH_PATHS = "$(inherited) @executable_path/Frameworks @loader_path/Frameworks";
				PRODUCT_BUNDLE_IDENTIFIER = kamilov.SwappingSwapUITests;
				PRODUCT_NAME = "$(TARGET_NAME)";
				SWIFT_VERSION = 3.0;
				TEST_TARGET_NAME = SwappingSwap;
			};
			name = Release;
		};
/* End XCBuildConfiguration section */

/* Begin XCConfigurationList section */
		095DBAD01E48E0640030908D /* Build configuration list for PBXProject "SwappingSwap" */ = {
			isa = XCConfigurationList;
			buildConfigurations = (
				095DBAFB1E48E0650030908D /* Debug */,
				095DBAFC1E48E0650030908D /* Release */,
			);
			defaultConfigurationIsVisible = 0;
			defaultConfigurationName = Release;
		};
		095DBAFD1E48E0650030908D /* Build configuration list for PBXNativeTarget "SwappingSwap" */ = {
			isa = XCConfigurationList;
			buildConfigurations = (
				095DBAFE1E48E0650030908D /* Debug */,
				095DBAFF1E48E0650030908D /* Release */,
			);
			defaultConfigurationIsVisible = 0;
			defaultConfigurationName = Release;
		};
		095DBB001E48E0650030908D /* Build configuration list for PBXNativeTarget "SwappingSwapTests" */ = {
			isa = XCConfigurationList;
			buildConfigurations = (
				095DBB011E48E0650030908D /* Debug */,
				095DBB021E48E0650030908D /* Release */,
			);
			defaultConfigurationIsVisible = 0;
			defaultConfigurationName = Release;
		};
		095DBB031E48E0650030908D /* Build configuration list for PBXNativeTarget "SwappingSwapUITests" */ = {
			isa = XCConfigurationList;
			buildConfigurations = (
				095DBB041E48E0650030908D /* Debug */,
				095DBB051E48E0650030908D /* Release */,
			);
			defaultConfigurationIsVisible = 0;
			defaultConfigurationName = Release;
		};
/* End XCConfigurationList section */
	};
	rootObject = 095DBACD1E48E0640030908D /* Project object */;
}
